{
	"name": "@beyond-js/widgets",
	"version": "1.1.1",
	"lockfileVersion": 3,
	"requires": true,
	"packages": {
		"": {
			"name": "@beyond-js/widgets",
			"version": "1.1.1",
			"license": "MIT",
			"dependencies": {
				"@beyond-js/events": "~0.0.7",
				"@beyond-js/kernel": "^0.1.12"
			}
		},
		"node_modules/@beyond-js/events": {
			"version": "0.0.7",
			"resolved": "https://registry.npmjs.org/@beyond-js/events/-/events-0.0.7.tgz",
			"integrity": "sha512-JL8x0o24+3SLApGr+Q3b+GjpnqWaslPT/yagrXKxVw5l8hbEbS7bwiYPNgExX2lnxOY3v2d6F45yD8JgsrPbZA=="
		},
		"node_modules/@beyond-js/kernel": {
			"version": "0.1.12",
			"resolved": "https://registry.npmjs.org/@beyond-js/kernel/-/kernel-0.1.12.tgz",
			"integrity": "sha512-iE4haTq0JYv2T/JKoZyYLTg6Cky2TMG7iVw4Q5KbC37fSp1brj24XRVUA3pcGfxlIi5OBrQ3yonwg2eSFGg/4w=="
		}
	}
}
